
Microsoft Visual Studio Solution File, Format Version 12.00
# Visual Studio 15
VisualStudioVersion = 15.0.28307.852
MinimumVisualStudioVersion = 10.0.40219.1
Project("{FAE04EC0-301F-11D3-BF4B-00C04F79EFBC}") = "WebNotSistemi", "WebNotSistemi\WebNotSistemi.csproj", "{4461E96B-D734-4376-A832-469A7928370A}"
EndProject
Global
	GlobalSection(SolutionConfigurationPlatforms) = preSolution
		Debug|Any CPU = Debug|Any CPU
		Release|Any CPU = Release|Any CPU
	EndGlobalSection
	GlobalSection(ProjectConfigurationPlatforms) = postSolution
		{4461E96B-D734-4376-A832-469A7928370A}.Debug|Any CPU.ActiveCfg = Debug|Any CPU
		{4461E96B-D734-4376-A832-469A7928370A}.Debug|Any CPU.Build.0 = Debug|Any CPU
		{4461E96B-D734-4376-A832-469A7928370A}.Release|Any CPU.ActiveCfg = Release|Any CPU
		{4461E96B-D734-4376-A832-469A7928370A}.Release|Any CPU.Build.0 = Release|Any CPU
	EndGlobalSection
	GlobalSection(SolutionProperties) = preSolution
		HideSolutionNode = FALSE
	EndGlobalSection
	GlobalSection(ExtensibilityGlobals) = postSolution
		SolutionGuid = {DEDA88CC-418C-458F-A142-3D0873C17123}
	EndGlobalSection
EndGlobal
